
Microsoft Visual Studio Solution File, Format Version 12.00
# Visual Studio Version 17
VisualStudioVersion = 17.0.31912.275
MinimumVisualStudioVersion = 10.0.40219.1
Project("{8BC9CEB8-8B4A-11D0-8D11-00A0C91BC942}") = "Day01", "Day01\Day01.vcxproj", "{483B8A4A-5AA9-48FC-914B-74CCEAFEE352}"
EndProject
Project("{8BC9CEB8-8B4A-11D0-8D11-00A0C91BC942}") = "Day02", "Day02\Day02.vcxproj", "{AD19A388-4EBF-4366-831B-8878C31068BF}"
EndProject
Project("{8BC9CEB8-8B4A-11D0-8D11-00A0C91BC942}") = "Day03", "Day03\Day03.vcxproj", "{B023493F-3755-4DEC-A903-31FCA1644D73}"
EndProject
Project("{8BC9CEB8-8B4A-11D0-8D11-00A0C91BC942}") = "Day04", "Day04\Day04.vcxproj", "{58F60D19-F7C5-4E7F-9F00-2B63543E8C0C}"
EndProject
Project("{8BC9CEB8-8B4A-11D0-8D11-00A0C91BC942}") = "Day05", "Day05\Day05.vcxproj", "{5A86D757-EE4D-400A-B580-2B7866739472}"
EndProject
Project("{8BC9CEB8-8B4A-11D0-8D11-00A0C91BC942}") = "Day06", "Day06\Day06.vcxproj", "{59A32AB2-5BF7-42D4-9A31-0855DD5C484F}"
EndProject
Project("{8BC9CEB8-8B4A-11D0-8D11-00A0C91BC942}") = "Day07", "Day07\Day07.vcxproj", "{D363FD9A-1006-4E47-9E26-C19DE6C0B2D1}"
EndProject
Project("{8BC9CEB8-8B4A-11D0-8D11-00A0C91BC942}") = "Day08", "Day08\Day08.vcxproj", "{F0E80052-EBC8-49AE-957A-E25592E79E90}"
EndProject
Global
	GlobalSection(SolutionConfigurationPlatforms) = preSolution
		Debug|x64 = Debug|x64
		Debug|x86 = Debug|x86
		Release|x64 = Release|x64
		Release|x86 = Release|x86
	EndGlobalSection
	GlobalSection(ProjectConfigurationPlatforms) = postSolution
		{483B8A4A-5AA9-48FC-914B-74CCEAFEE352}.Debug|x64.ActiveCfg = Debug|x64
		{483B8A4A-5AA9-48FC-914B-74CCEAFEE352}.Debug|x64.Build.0 = Debug|x64
		{483B8A4A-5AA9-48FC-914B-74CCEAFEE352}.Debug|x86.ActiveCfg = Debug|Win32
		{483B8A4A-5AA9-48FC-914B-74CCEAFEE352}.Debug|x86.Build.0 = Debug|Win32
		{483B8A4A-5AA9-48FC-914B-74CCEAFEE352}.Release|x64.ActiveCfg = Release|x64
		{483B8A4A-5AA9-48FC-914B-74CCEAFEE352}.Release|x64.Build.0 = Release|x64
		{483B8A4A-5AA9-48FC-914B-74CCEAFEE352}.Release|x86.ActiveCfg = Release|Win32
		{483B8A4A-5AA9-48FC-914B-74CCEAFEE352}.Release|x86.Build.0 = Release|Win32
		{AD19A388-4EBF-4366-831B-8878C31068BF}.Debug|x64.ActiveCfg = Debug|x64
		{AD19A388-4EBF-4366-831B-8878C31068BF}.Debug|x64.Build.0 = Debug|x64
		{AD19A388-4EBF-4366-831B-8878C31068BF}.Debug|x86.ActiveCfg = Debug|Win32
		{AD19A388-4EBF-4366-831B-8878C31068BF}.Debug|x86.Build.0 = Debug|Win32
		{AD19A388-4EBF-4366-831B-8878C31068BF}.Release|x64.ActiveCfg = Release|x64
		{AD19A388-4EBF-4366-831B-8878C31068BF}.Release|x64.Build.0 = Release|x64
		{AD19A388-4EBF-4366-831B-8878C31068BF}.Release|x86.ActiveCfg = Release|Win32
		{AD19A388-4EBF-4366-831B-8878C31068BF}.Release|x86.Build.0 = Release|Win32
		{B023493F-3755-4DEC-A903-31FCA1644D73}.Debug|x64.ActiveCfg = Debug|x64
		{B023493F-3755-4DEC-A903-31FCA1644D73}.Debug|x64.Build.0 = Debug|x64
		{B023493F-3755-4DEC-A903-31FCA1644D73}.Debug|x86.ActiveCfg = Debug|Win32
		{B023493F-3755-4DEC-A903-31FCA1644D73}.Debug|x86.Build.0 = Debug|Win32
		{B023493F-3755-4DEC-A903-31FCA1644D73}.Release|x64.ActiveCfg = Release|x64
		{B023493F-3755-4DEC-A903-31FCA1644D73}.Release|x64.Build.0 = Release|x64
		{B023493F-3755-4DEC-A903-31FCA1644D73}.Release|x86.ActiveCfg = Release|Win32
		{B023493F-3755-4DEC-A903-31FCA1644D73}.Release|x86.Build.0 = Release|Win32
		{58F60D19-F7C5-4E7F-9F00-2B63543E8C0C}.Debug|x64.ActiveCfg = Debug|x64
		{58F60D19-F7C5-4E7F-9F00-2B63543E8C0C}.Debug|x64.Build.0 = Debug|x64
		{58F60D19-F7C5-4E7F-9F00-2B63543E8C0C}.Debug|x86.ActiveCfg = Debug|Win32
		{58F60D19-F7C5-4E7F-9F00-2B63543E8C0C}.Debug|x86.Build.0 = Debug|Win32
		{58F60D19-F7C5-4E7F-9F00-2B63543E8C0C}.Release|x64.ActiveCfg = Release|x64
		{58F60D19-F7C5-4E7F-9F00-2B63543E8C0C}.Release|x64.Build.0 = Release|x64
		{58F60D19-F7C5-4E7F-9F00-2B63543E8C0C}.Release|x86.ActiveCfg = Release|Win32
		{58F60D19-F7C5-4E7F-9F00-2B63543E8C0C}.Release|x86.Build.0 = Release|Win32
		{5A86D757-EE4D-400A-B580-2B7866739472}.Debug|x64.ActiveCfg = Debug|x64
		{5A86D757-EE4D-400A-B580-2B7866739472}.Debug|x64.Build.0 = Debug|x64
		{5A86D757-EE4D-400A-B580-2B7866739472}.Debug|x86.ActiveCfg = Debug|Win32
		{5A86D757-EE4D-400A-B580-2B7866739472}.Debug|x86.Build.0 = Debug|Win32
		{5A86D757-EE4D-400A-B580-2B7866739472}.Release|x64.ActiveCfg = Release|x64
		{5A86D757-EE4D-400A-B580-2B7866739472}.Release|x64.Build.0 = Release|x64
		{5A86D757-EE4D-400A-B580-2B7866739472}.Release|x86.ActiveCfg = Release|Win32
		{5A86D757-EE4D-400A-B580-2B7866739472}.Release|x86.Build.0 = Release|Win32
		{59A32AB2-5BF7-42D4-9A31-0855DD5C484F}.Debug|x64.ActiveCfg = Debug|x64
		{59A32AB2-5BF7-42D4-9A31-0855DD5C484F}.Debug|x64.Build.0 = Debug|x64
		{59A32AB2-5BF7-42D4-9A31-0855DD5C484F}.Debug|x86.ActiveCfg = Debug|Win32
		{59A32AB2-5BF7-42D4-9A31-0855DD5C484F}.Debug|x86.Build.0 = Debug|Win32
		{59A32AB2-5BF7-42D4-9A31-0855DD5C484F}.Release|x64.ActiveCfg = Release|x64
		{59A32AB2-5BF7-42D4-9A31-0855DD5C484F}.Release|x64.Build.0 = Release|x64
		{59A32AB2-5BF7-42D4-9A31-0855DD5C484F}.Release|x86.ActiveCfg = Release|Win32
		{59A32AB2-5BF7-42D4-9A31-0855DD5C484F}.Release|x86.Build.0 = Release|Win32
		{D363FD9A-1006-4E47-9E26-C19DE6C0B2D1}.Debug|x64.ActiveCfg = Debug|x64
		{D363FD9A-1006-4E47-9E26-C19DE6C0B2D1}.Debug|x64.Build.0 = Debug|x64
		{D363FD9A-1006-4E47-9E26-C19DE6C0B2D1}.Debug|x86.ActiveCfg = Debug|Win32
		{D363FD9A-1006-4E47-9E26-C19DE6C0B2D1}.Debug|x86.Build.0 = Debug|Win32
		{D363FD9A-1006-4E47-9E26-C19DE6C0B2D1}.Release|x64.ActiveCfg = Release|x64
		{D363FD9A-1006-4E47-9E26-C19DE6C0B2D1}.Release|x64.Build.0 = Release|x64
		{D363FD9A-1006-4E47-9E26-C19DE6C0B2D1}.Release|x86.ActiveCfg = Release|Win32
		{D363FD9A-1006-4E47-9E26-C19DE6C0B2D1}.Release|x86.Build.0 = Release|Win32
		{F0E80052-EBC8-49AE-957A-E25592E79E90}.Debug|x64.ActiveCfg = Debug|x64
		{F0E80052-EBC8-49AE-957A-E25592E79E90}.Debug|x64.Build.0 = Debug|x64
		{F0E80052-EBC8-49AE-957A-E25592E79E90}.Debug|x86.ActiveCfg = Debug|Win32
		{F0E80052-EBC8-49AE-957A-E25592E79E90}.Debug|x86.Build.0 = Debug|Win32
		{F0E80052-EBC8-49AE-957A-E25592E79E90}.Release|x64.ActiveCfg = Release|x64
		{F0E80052-EBC8-49AE-957A-E25592E79E90}.Release|x64.Build.0 = Release|x64
		{F0E80052-EBC8-49AE-957A-E25592E79E90}.Release|x86.ActiveCfg = Release|Win32
		{F0E80052-EBC8-49AE-957A-E25592E79E90}.Release|x86.Build.0 = Release|Win32
	EndGlobalSection
	GlobalSection(SolutionProperties) = preSolution
		HideSolutionNode = FALSE
	EndGlobalSection
	GlobalSection(ExtensibilityGlobals) = postSolution
		SolutionGuid = {ED86997B-B2A6-40F3-80BA-C1CC26F20972}
	EndGlobalSection
EndGlobal
